
Microsoft Visual Studio Solution File, Format Version 12.00
# Visual Studio Version 17
VisualStudioVersion = 17.0.31903.59
MinimumVisualStudioVersion = 10.0.40219.1
Project("{FAE04EC0-301F-11D3-BF4B-00C04F79EFBC}") = "accountinfo", "accountinfo.csproj", "{6C9B918C-7A09-4776-953E-AE28B6475D69}"
EndProject
Project("{FAE04EC0-301F-11D3-BF4B-00C04F79EFBC}") = "bankstatement", "..\Bank Statement (WinForms)\bankstatement.csproj", "{F7E21002-385E-43DF-BD66-387DB450A2E2}"
EndProject
Project("{FAE04EC0-301F-11D3-BF4B-00C04F79EFBC}") = "banktransfer", "..\Bank Transfer (WinForms)\banktransfer.csproj", "{F7E21003-385E-43DF-BD66-387DB450A2E2}"
EndProject
Project("{FAE04EC0-301F-11D3-BF4B-00C04F79EFBC}") = "billpayment", "..\Bill Payment (WinForms)\billpayment.csproj", "{F7E21004-385E-43DF-BD66-387DB450A2E2}"
EndProject
Project("{FAE04EC0-301F-11D3-BF4B-00C04F79EFBC}") = "ccstatement", "..\CCStatement Demo (WinForms)\ccstatement.csproj", "{F7E21005-385E-43DF-BD66-387DB450A2E2}"
EndProject
Project("{FAE04EC0-301F-11D3-BF4B-00C04F79EFBC}") = "fiprofile", "..\FIProfile Demo (WinForms)\fiprofile.csproj", "{F7E21006-385E-43DF-BD66-387DB450A2E2}"
EndProject
Project("{FAE04EC0-301F-11D3-BF4B-00C04F79EFBC}") = "invstatement", "..\InvStatement Demo (WinForms)\invstatement.csproj", "{F7E21007-385E-43DF-BD66-387DB450A2E2}"
EndProject
Global
	GlobalSection(SolutionConfigurationPlatforms) = preSolution
		Debug|Any CPU = Debug|Any CPU
		Release|Any CPU = Release|Any CPU
	EndGlobalSection
	GlobalSection(SolutionProperties) = preSolution
		HideSolutionNode = FALSE
	EndGlobalSection
	GlobalSection(ProjectConfigurationPlatforms) = postSolution
		{6C9B918C-7A09-4776-953E-AE28B6475D69}.Debug|Any CPU.ActiveCfg = Debug|Any CPU
		{6C9B918C-7A09-4776-953E-AE28B6475D69}.Debug|Any CPU.Build.0 = Debug|Any CPU
		{6C9B918C-7A09-4776-953E-AE28B6475D69}.Release|Any CPU.ActiveCfg = Release|Any CPU
		{6C9B918C-7A09-4776-953E-AE28B6475D69}.Release|Any CPU.Build.0 = Release|Any CPU
		{F7E21002-385E-43DF-BD66-387DB450A2E2}.Debug|Any CPU.ActiveCfg = Debug|Any CPU
		{F7E21002-385E-43DF-BD66-387DB450A2E2}.Debug|Any CPU.Build.0 = Debug|Any CPU
		{F7E21002-385E-43DF-BD66-387DB450A2E2}.Release|Any CPU.ActiveCfg = Release|Any CPU
		{F7E21002-385E-43DF-BD66-387DB450A2E2}.Release|Any CPU.Build.0 = Release|Any CPU
		{F7E21003-385E-43DF-BD66-387DB450A2E2}.Debug|Any CPU.ActiveCfg = Debug|Any CPU
		{F7E21003-385E-43DF-BD66-387DB450A2E2}.Debug|Any CPU.Build.0 = Debug|Any CPU
		{F7E21003-385E-43DF-BD66-387DB450A2E2}.Release|Any CPU.ActiveCfg = Release|Any CPU
		{F7E21003-385E-43DF-BD66-387DB450A2E2}.Release|Any CPU.Build.0 = Release|Any CPU
		{F7E21004-385E-43DF-BD66-387DB450A2E2}.Debug|Any CPU.ActiveCfg = Debug|Any CPU
		{F7E21004-385E-43DF-BD66-387DB450A2E2}.Debug|Any CPU.Build.0 = Debug|Any CPU
		{F7E21004-385E-43DF-BD66-387DB450A2E2}.Release|Any CPU.ActiveCfg = Release|Any CPU
		{F7E21004-385E-43DF-BD66-387DB450A2E2}.Release|Any CPU.Build.0 = Release|Any CPU
		{F7E21005-385E-43DF-BD66-387DB450A2E2}.Debug|Any CPU.ActiveCfg = Debug|Any CPU
		{F7E21005-385E-43DF-BD66-387DB450A2E2}.Debug|Any CPU.Build.0 = Debug|Any CPU
		{F7E21005-385E-43DF-BD66-387DB450A2E2}.Release|Any CPU.ActiveCfg = Release|Any CPU
		{F7E21005-385E-43DF-BD66-387DB450A2E2}.Release|Any CPU.Build.0 = Release|Any CPU
		{F7E21006-385E-43DF-BD66-387DB450A2E2}.Debug|Any CPU.ActiveCfg = Debug|Any CPU
		{F7E21006-385E-43DF-BD66-387DB450A2E2}.Debug|Any CPU.Build.0 = Debug|Any CPU
		{F7E21006-385E-43DF-BD66-387DB450A2E2}.Release|Any CPU.ActiveCfg = Release|Any CPU
		{F7E21006-385E-43DF-BD66-387DB450A2E2}.Release|Any CPU.Build.0 = Release|Any CPU
		{F7E21007-385E-43DF-BD66-387DB450A2E2}.Debug|Any CPU.ActiveCfg = Debug|Any CPU
		{F7E21007-385E-43DF-BD66-387DB450A2E2}.Debug|Any CPU.Build.0 = Debug|Any CPU
		{F7E21007-385E-43DF-BD66-387DB450A2E2}.Release|Any CPU.ActiveCfg = Release|Any CPU
		{F7E21007-385E-43DF-BD66-387DB450A2E2}.Release|Any CPU.Build.0 = Release|Any CPU
	EndGlobalSection
EndGlobal
